// !$*UTF8*$!
{
	archiveVersion = 1;
	classes = {
	};
	objectVersion = 48;
	objects = {

/* Begin PBXBuildFile section */
		CBD7EBEE1FF64F0C00AACEBA /* AppDelegate.m in Sources */ = {isa = PBXBuildFile; fileRef = CBD7EBED1FF64F0C00AACEBA /* AppDelegate.m */; };
		CBD7EBF11FF64F0C00AACEBA /* ViewController.m in Sources */ = {isa = PBXBuildFile; fileRef = CBD7EBF01FF64F0C00AACEBA /* ViewController.m */; };
		CBD7EBF41FF64F0C00AACEBA /* Main.storyboard in Resources */ = {isa = PBXBuildFile; fileRef = CBD7EBF21FF64F0C00AACEBA /* Main.storyboard */; };
		CBD7EBF61FF64F0C00AACEBA /* Assets.xcassets in Resources */ = {isa = PBXBuildFile; fileRef = CBD7EBF51FF64F0C00AACEBA /* Assets.xcassets */; };
		CBD7EBF91FF64F0C00AACEBA /* LaunchScreen.storyboard in Resources */ = {isa = PBXBuildFile; fileRef = CBD7EBF71FF64F0C00AACEBA /* LaunchScreen.storyboard */; };
		CBD7EBFC1FF64F0C00AACEBA /* main.m in Sources */ = {isa = PBXBuildFile; fileRef = CBD7EBFB1FF64F0C00AACEBA /* main.m */; };
		CBD7EC041FF64F2F00AACEBA /* BioMetricAuthenticator.m in Sources */ = {isa = PBXBuildFile; fileRef = CBD7EC031FF64F2E00AACEBA /* BioMetricAuthenticator.m */; };
/* End PBXBuildFile section */

/* Begin PBXFileReference section */
		CBD7EBE91FF64F0C00AACEBA /* CDBiometry.app */ = {isa = PBXFileReference; explicitFileType = wrapper.application; includeInIndex = 0; path = CDBiometry.app; sourceTree = BUILT_PRODUCTS_DIR; };
		CBD7EBEC1FF64F0C00AACEBA /* AppDelegate.h */ = {isa = PBXFileReference; lastKnownFileType = sourcecode.c.h; path = AppDelegate.h; sourceTree = "<group>"; };
		CBD7EBED1FF64F0C00AACEBA /* AppDelegate.m */ = {isa = PBXFileReference; lastKnownFileType = sourcecode.c.objc; path = AppDelegate.m; sourceTree = "<group>"; };
		CBD7EBEF1FF64F0C00AACEBA /* ViewController.h */ = {isa = PBXFileReference; lastKnownFileType = sourcecode.c.h; path = ViewController.h; sourceTree = "<group>"; };
		CBD7EBF01FF64F0C00AACEBA /* ViewController.m */ = {isa = PBXFileReference; lastKnownFileType = sourcecode.c.objc; path = ViewController.m; sourceTree = "<group>"; };
		CBD7EBF31FF64F0C00AACEBA /* Base */ = {isa = PBXFileReference; lastKnownFileType = file.storyboard; name = Base; path = Base.lproj/Main.storyboard; sourceTree = "<group>"; };
		CBD7EBF51FF64F0C00AACEBA /* Assets.xcassets */ = {isa = PBXFileReference; lastKnownFileType = folder.assetcatalog; path = Assets.xcassets; sourceTree = "<group>"; };
		CBD7EBF81FF64F0C00AACEBA /* Base */ = {isa = PBXFileReference; lastKnownFileType = file.storyboard; name = Base; path = Base.lproj/LaunchScreen.storyboard; sourceTree = "<group>"; };
		CBD7EBFA1FF64F0C00AACEBA /* Info.plist */ = {isa = PBXFileReference; lastKnownFileType = text.plist.xml; path = Info.plist; sourceTree = "<group>"; };
		CBD7EBFB1FF64F0C00AACEBA /* main.m */ = {isa = PBXFileReference; lastKnownFileType = sourcecode.c.objc; path = main.m; sourceTree = "<group>"; };
		CBD7EC021FF64F2E00AACEBA /* BioMetricAuthenticator.h */ = {isa = PBXFileReference; fileEncoding = 4; lastKnownFileType = sourcecode.c.h; path = BioMetricAuthenticator.h; sourceTree = "<group>"; };
		CBD7EC031FF64F2E00AACEBA /* BioMetricAuthenticator.m */ = {isa = PBXFileReference; fileEncoding = 4; lastKnownFileType = sourcecode.c.objc; path = BioMetricAuthenticator.m; sourceTree = "<group>"; };
/* End PBXFileReference section */

/* Begin PBXFrameworksBuildPhase section */
		CBD7EBE61FF64F0C00AACEBA /* Frameworks */ = {
			isa = PBXFrameworksBuildPhase;
			buildActionMask = 2147483647;
			files = (
			);
			runOnlyForDeploymentPostprocessing = 0;
		};
/* End PBXFrameworksBuildPhase section */

/* Begin PBXGroup section */
		CBD7EBE01FF64F0C00AACEBA = {
			isa = PBXGroup;
			children = (
				CBD7EBEB1FF64F0C00AACEBA /* CDBiometry */,
				CBD7EBEA1FF64F0C00AACEBA /* Products */,
			);
			sourceTree = "<group>";
		};
		CBD7EBEA1FF64F0C00AACEBA /* Products */ = {
			isa = PBXGroup;
			children = (
				CBD7EBE91FF64F0C00AACEBA /* CDBiometry.app */,
			);
			name = Products;
			sourceTree = "<group>";
		};
		CBD7EBEB1FF64F0C00AACEBA /* CDBiometry */ = {
			isa = PBXGroup;
			children = (
				CBD7EC021FF64F2E00AACEBA /* BioMetricAuthenticator.h */,
				CBD7EC031FF64F2E00AACEBA /* BioMetricAuthenticator.m */,
				CBD7EBEC1FF64F0C00AACEBA /* AppDelegate.h */,
				CBD7EBED1FF64F0C00AACEBA /* AppDelegate.m */,
				CBD7EBEF1FF64F0C00AACEBA /* ViewController.h */,
				CBD7EBF01FF64F0C00AACEBA /* ViewController.m */,
				CBD7EBF21FF64F0C00AACEBA /* Main.storyboard */,
				CBD7EBF51FF64F0C00AACEBA /* Assets.xcassets */,
				CBD7EBF71FF64F0C00AACEBA /* LaunchScreen.storyboard */,
				CBD7EBFA1FF64F0C00AACEBA /* Info.plist */,
				CBD7EBFB1FF64F0C00AACEBA /* main.m */,
			);
			path = CDBiometry;
			sourceTree = "<group>";
		};
/* End PBXGroup section */

/* Begin PBXNativeTarget section */
		CBD7EBE81FF64F0C00AACEBA /* CDBiometry */ = {
			isa = PBXNativeTarget;
			buildConfigurationList = CBD7EBFF1FF64F0C00AACEBA /* Build configuration list for PBXNativeTarget "CDBiometry" */;
			buildPhases = (
				CBD7EBE51FF64F0C00AACEBA /* Sources */,
				CBD7EBE61FF64F0C00AACEBA /* Frameworks */,
				CBD7EBE71FF64F0C00AACEBA /* Resources */,
			);
			buildRules = (
			);
			dependencies = (
			);
			name = CDBiometry;
			productName = CDBiometry;
			productReference = CBD7EBE91FF64F0C00AACEBA /* CDBiometry.app */;
			productType = "com.apple.product-type.application";
		};
/* End PBXNativeTarget section */

/* Begin PBXProject section */
		CBD7EBE11FF64F0C00AACEBA /* Project object */ = {
			isa = PBXProject;
			attributes = {
				LastUpgradeCheck = 0900;
				ORGANIZATIONNAME = "冯铁军";
				TargetAttributes = {
					CBD7EBE81FF64F0C00AACEBA = {
						CreatedOnToolsVersion = 9.0.1;
						ProvisioningStyle = Automatic;
					};
				};
			};
			buildConfigurationList = CBD7EBE41FF64F0C00AACEBA /* Build configuration list for PBXProject "CDBiometry" */;
			compatibilityVersion = "Xcode 8.0";
			developmentRegion = en;
			hasScannedForEncodings = 0;
			knownRegions = (
				en,
				Base,
			);
			mainGroup = CBD7EBE01FF64F0C00AACEBA;
			productRefGroup = CBD7EBEA1FF64F0C00AACEBA /* Products */;
			projectDirPath = "";
			projectRoot = "";
			targets = (
				CBD7EBE81FF64F0C00AACEBA /* CDBiometry */,
			);
		};
/* End PBXProject section */

/* Begin PBXResourcesBuildPhase section */
		CBD7EBE71FF64F0C00AACEBA /* Resources */ = {
			isa = PBXResourcesBuildPhase;
			buildActionMask = 2147483647;
			files = (
				CBD7EBF91FF64F0C00AACEBA /* LaunchScreen.storyboard in Resources */,
				CBD7EBF61FF64F0C00AACEBA /* Assets.xcassets in Resources */,
				CBD7EBF41FF64F0C00AACEBA /* Main.storyboard in Resources */,
			);
			runOnlyForDeploymentPostprocessing = 0;
		};
/* End PBXResourcesBuildPhase section */

/* Begin PBXSourcesBuildPhase section */
		CBD7EBE51FF64F0C00AACEBA /* Sources */ = {
			isa = PBXSourcesBuildPhase;
			buildActionMask = 2147483647;
			files = (
				CBD7EC041FF64F2F00AACEBA /* BioMetricAuthenticator.m in Sources */,
				CBD7EBF11FF64F0C00AACEBA /* ViewController.m in Sources */,
				CBD7EBFC1FF64F0C00AACEBA /* main.m in Sources */,
				CBD7EBEE1FF64F0C00AACEBA /* AppDelegate.m in Sources */,
			);
			runOnlyForDeploymentPostprocessing = 0;
		};
/* End PBXSourcesBuildPhase section */

/* Begin PBXVariantGroup section */
		CBD7EBF21FF64F0C00AACEBA /* Main.storyboard */ = {
			isa = PBXVariantGroup;
			children = (
				CBD7EBF31FF64F0C00AACEBA /* Base */,
			);
			name = Main.storyboard;
			sourceTree = "<group>";
		};
		CBD7EBF71FF64F0C00AACEBA /* LaunchScreen.storyboard */ = {
			isa = PBXVariantGroup;
			children = (
				CBD7EBF81FF64F0C00AACEBA /* Base */,
			);
			name = LaunchScreen.storyboard;
			sourceTree = "<group>";
		};
/* End PBXVariantGroup section */

/* Begin XCBuildConfiguration section */
		CBD7EBFD1FF64F0C00AACEBA /* Debug */ = {
			isa = XCBuildConfiguration;
			buildSettings = {
				ALWAYS_SEARCH_USER_PATHS = NO;
				CLANG_ANALYZER_NONNULL = YES;
				CLANG_ANALYZER_NUMBER_OBJECT_CONVERSION = YES_AGGRESSIVE;
				CLANG_CXX_LANGUAGE_STANDARD = "gnu++14";
				CLANG_CXX_LIBRARY = "libc++";
				CLANG_ENABLE_MODULES = YES;
				CLANG_ENABLE_OBJC_ARC = YES;
				CLANG_WARN_BLOCK_CAPTURE_AUTORELEASING = YES;
				CLANG_WARN_BOOL_CONVERSION = YES;
				CLANG_WARN_COMMA = YES;
				CLANG_WARN_CONSTANT_CONVERSION = YES;
				CLANG_WARN_DIRECT_OBJC_ISA_USAGE = YES_ERROR;
				CLANG_WARN_DOCUMENTATION_COMMENTS = YES;
				CLANG_WARN_EMPTY_BODY = YES;
				CLANG_WARN_ENUM_CONVERSION = YES;
				CLANG_WARN_INFINITE_RECURSION = YES;
				CLANG_WARN_INT_CONVERSION = YES;
				CLANG_WARN_NON_LITERAL_NULL_CONVERSION = YES;
				CLANG_WARN_OBJC_LITERAL_CONVERSION = YES;
				CLANG_WARN_OBJC_ROOT_CLASS = YES_ERROR;
				CLANG_WARN_RANGE_LOOP_ANALYSIS = YES;
				CLANG_WARN_STRICT_PROTOTYPES = YES;
				CLANG_WARN_SUSPICIOUS_MOVE = YES;
				CLANG_WARN_UNGUARDED_AVAILABILITY = YES_AGGRESSIVE;
				CLANG_WARN_UNREACHABLE_CODE = YES;
				CLANG_WARN__DUPLICATE_METHOD_MATCH = YES;
				CODE_SIGN_IDENTITY = "iPhone Developer";
				COPY_PHASE_STRIP = NO;
				DEBUG_INFORMATION_FORMAT = dwarf;
				ENABLE_STRICT_OBJC_MSGSEND = YES;
				ENABLE_TESTABILITY = YES;
				GCC_C_LANGUAGE_STANDARD = gnu11;
				GCC_DYNAMIC_NO_PIC = NO;
				GCC_NO_COMMON_BLOCKS = YES;
				GCC_OPTIMIZATION_LEVEL = 0;
				GCC_PREPROCESSOR_DEFINITIONS = (
					"DEBUG=1",
					"$(inherited)",
				);
				GCC_WARN_64_TO_32_BIT_CONVERSION = YES;
				GCC_WARN_ABOUT_RETURN_TYPE = YES_ERROR;
				GCC_WARN_UNDECLARED_SELECTOR = YES;
				GCC_WARN_UNINITIALIZED_AUTOS = YES_AGGRESSIVE;
				GCC_WARN_UNUSED_FUNCTION = YES;
				GCC_WARN_UNUSED_VARIABLE = YES;
				IPHONEOS_DEPLOYMENT_TARGET = 11.0;
				MTL_ENABLE_DEBUG_INFO = YES;
				ONLY_ACTIVE_ARCH = YES;
				SDKROOT = iphoneos;
			};
			name = Debug;
		};
		CBD7EBFE1FF64F0C00AACEBA /* Release */ = {
			isa = XCBuildConfiguration;
			buildSettings = {
				ALWAYS_SEARCH_USER_PATHS = NO;
				CLANG_ANALYZER_NONNULL = YES;
				CLANG_ANALYZER_NUMBER_OBJECT_CONVERSION = YES_AGGRESSIVE;
				CLANG_CXX_LANGUAGE_STANDARD = "gnu++14";
				CLANG_CXX_LIBRARY = "libc++";
				CLANG_ENABLE_MODULES = YES;
				CLANG_ENABLE_OBJC_ARC = YES;
				CLANG_WARN_BLOCK_CAPTURE_AUTORELEASING = YES;
				CLANG_WARN_BOOL_CONVERSION = YES;
				CLANG_WARN_COMMA = YES;
				CLANG_WARN_CONSTANT_CONVERSION = YES;
				CLANG_WARN_DIRECT_OBJC_ISA_USAGE = YES_ERROR;
				CLANG_WARN_DOCUMENTATION_COMMENTS = YES;
				CLANG_WARN_EMPTY_BODY = YES;
				CLANG_WARN_ENUM_CONVERSION = YES;
				CLANG_WARN_INFINITE_RECURSION = YES;
				CLANG_WARN_INT_CONVERSION = YES;
				CLANG_WARN_NON_LITERAL_NULL_CONVERSION = YES;
				CLANG_WARN_OBJC_LITERAL_CONVERSION = YES;
				CLANG_WARN_OBJC_ROOT_CLASS = YES_ERROR;
				CLANG_WARN_RANGE_LOOP_ANALYSIS = YES;
				CLANG_WARN_STRICT_PROTOTYPES = YES;
				CLANG_WARN_SUSPICIOUS_MOVE = YES;
				CLANG_WARN_UNGUARDED_AVAILABILITY = YES_AGGRESSIVE;
				CLANG_WARN_UNREACHABLE_CODE = YES;
				CLANG_WARN__DUPLICATE_METHOD_MATCH = YES;
				CODE_SIGN_IDENTITY = "iPhone Developer";
				COPY_PHASE_STRIP = NO;
				DEBUG_INFORMATION_FORMAT = "dwarf-with-dsym";
				ENABLE_NS_ASSERTIONS = NO;
				ENABLE_STRICT_OBJC_MSGSEND = YES;
				GCC_C_LANGUAGE_STANDARD = gnu11;
				GCC_NO_COMMON_BLOCKS = YES;
				GCC_WARN_64_TO_32_BIT_CONVERSION = YES;
				GCC_WARN_ABOUT_RETURN_TYPE = YES_ERROR;
				GCC_WARN_UNDECLARED_SELECTOR = YES;
				GCC_WARN_UNINITIALIZED_AUTOS = YES_AGGRESSIVE;
				GCC_WARN_UNUSED_FUNCTION = YES;
				GCC_WARN_UNUSED_VARIABLE = YES;
				IPHONEOS_DEPLOYMENT_TARGET = 11.0;
				MTL_ENABLE_DEBUG_INFO = NO;
				SDKROOT = iphoneos;
				VALIDATE_PRODUCT = YES;
			};
			name = Release;
		};
		CBD7EC001FF64F0C00AACEBA /* Debug */ = {
			isa = XCBuildConfiguration;
			buildSettings = {
				ASSETCATALOG_COMPILER_APPICON_NAME = AppIcon;
				CODE_SIGN_STYLE = Automatic;
				DEVELOPMENT_TEAM = Z98TJN7C47;
				INFOPLIST_FILE = CDBiometry/Info.plist;
				IPHONEOS_DEPLOYMENT_TARGET = 8.0;
				LD_RUNPATH_SEARCH_PATHS = "$(inherited) @executable_path/Frameworks";
				PRODUCT_BUNDLE_IDENTIFIER = com.pingan.CDBiometry;
				PRODUCT_NAME = "$(TARGET_NAME)";
				TARGETED_DEVICE_FAMILY = "1,2";
			};
			name = Debug;
		};
		CBD7EC011FF64F0C00AACEBA /* Release */ = {
			isa = XCBuildConfiguration;
			buildSettings = {
				ASSETCATALOG_COMPILER_APPICON_NAME = AppIcon;
				CODE_SIGN_STYLE = Automatic;
				DEVELOPMENT_TEAM = Z98TJN7C47;
				INFOPLIST_FILE = CDBiometry/Info.plist;
				IPHONEOS_DEPLOYMENT_TARGET = 8.0;
				LD_RUNPATH_SEARCH_PATHS = "$(inherited) @executable_path/Frameworks";
				PRODUCT_BUNDLE_IDENTIFIER = com.pingan.CDBiometry;
				PRODUCT_NAME = "$(TARGET_NAME)";
				TARGETED_DEVICE_FAMILY = "1,2";
			};
			name = Release;
		};
/* End XCBuildConfiguration section */

/* Begin XCConfigurationList section */
		CBD7EBE41FF64F0C00AACEBA /* Build configuration list for PBXProject "CDBiometry" */ = {
			isa = XCConfigurationList;
			buildConfigurations = (
				CBD7EBFD1FF64F0C00AACEBA /* Debug */,
				CBD7EBFE1FF64F0C00AACEBA /* Release */,
			);
			defaultConfigurationIsVisible = 0;
			defaultConfigurationName = Release;
		};
		CBD7EBFF1FF64F0C00AACEBA /* Build configuration list for PBXNativeTarget "CDBiometry" */ = {
			isa = XCConfigurationList;
			buildConfigurations = (
				CBD7EC001FF64F0C00AACEBA /* Debug */,
				CBD7EC011FF64F0C00AACEBA /* Release */,
			);
			defaultConfigurationIsVisible = 0;
			defaultConfigurationName = Release;
		};
/* End XCConfigurationList section */
	};
	rootObject = CBD7EBE11FF64F0C00AACEBA /* Project object */;
}
